// !$*UTF8*$!
{
	archiveVersion = 1;
	classes = {
	};
	objectVersion = 55;
	objects = {

/* Begin PBXBuildFile section */
		4100D782288B1F23004946D2 /* 2ndViewController.swift in Sources */ = {isa = PBXBuildFile; fileRef = 4100D781288B1F23004946D2 /* 2ndViewController.swift */; };
		E4B8BB06288739E400CCA2FC /* AppDelegate.swift in Sources */ = {isa = PBXBuildFile; fileRef = E4B8BB05288739E400CCA2FC /* AppDelegate.swift */; };
		E4B8BB08288739E400CCA2FC /* SceneDelegate.swift in Sources */ = {isa = PBXBuildFile; fileRef = E4B8BB07288739E400CCA2FC /* SceneDelegate.swift */; };
		E4B8BB0A288739E400CCA2FC /* ViewController.swift in Sources */ = {isa = PBXBuildFile; fileRef = E4B8BB09288739E400CCA2FC /* ViewController.swift */; };
		E4B8BB0D288739E400CCA2FC /* Main.storyboard in Resources */ = {isa = PBXBuildFile; fileRef = E4B8BB0B288739E400CCA2FC /* Main.storyboard */; };
		E4B8BB10288739E400CCA2FC /* FIA.xcdatamodeld in Sources */ = {isa = PBXBuildFile; fileRef = E4B8BB0E288739E400CCA2FC /* FIA.xcdatamodeld */; };
		E4B8BB12288739E600CCA2FC /* Assets.xcassets in Resources */ = {isa = PBXBuildFile; fileRef = E4B8BB11288739E600CCA2FC /* Assets.xcassets */; };
		E4B8BB15288739E600CCA2FC /* LaunchScreen.storyboard in Resources */ = {isa = PBXBuildFile; fileRef = E4B8BB13288739E600CCA2FC /* LaunchScreen.storyboard */; };
		E4FCD8C62889FBD900EA34BD /* TimelineController.swift in Sources */ = {isa = PBXBuildFile; fileRef = E4FCD8C52889FBD900EA34BD /* TimelineController.swift */; };
/* End PBXBuildFile section */

/* Begin PBXFileReference section */
		4100D781288B1F23004946D2 /* 2ndViewController.swift */ = {isa = PBXFileReference; lastKnownFileType = sourcecode.swift; path = 2ndViewController.swift; sourceTree = "<group>"; };
		E4B8BB02288739E400CCA2FC /* FIA.app */ = {isa = PBXFileReference; explicitFileType = wrapper.application; includeInIndex = 0; path = FIA.app; sourceTree = BUILT_PRODUCTS_DIR; };
		E4B8BB05288739E400CCA2FC /* AppDelegate.swift */ = {isa = PBXFileReference; lastKnownFileType = sourcecode.swift; path = AppDelegate.swift; sourceTree = "<group>"; };
		E4B8BB07288739E400CCA2FC /* SceneDelegate.swift */ = {isa = PBXFileReference; lastKnownFileType = sourcecode.swift; path = SceneDelegate.swift; sourceTree = "<group>"; };
		E4B8BB09288739E400CCA2FC /* ViewController.swift */ = {isa = PBXFileReference; lastKnownFileType = sourcecode.swift; path = ViewController.swift; sourceTree = "<group>"; };
		E4B8BB0C288739E400CCA2FC /* Base */ = {isa = PBXFileReference; lastKnownFileType = file.storyboard; name = Base; path = Base.lproj/Main.storyboard; sourceTree = "<group>"; };
		E4B8BB0F288739E400CCA2FC /* FIA.xcdatamodel */ = {isa = PBXFileReference; lastKnownFileType = wrapper.xcdatamodel; path = FIA.xcdatamodel; sourceTree = "<group>"; };
		E4B8BB11288739E600CCA2FC /* Assets.xcassets */ = {isa = PBXFileReference; lastKnownFileType = folder.assetcatalog; path = Assets.xcassets; sourceTree = "<group>"; };
		E4B8BB14288739E600CCA2FC /* Base */ = {isa = PBXFileReference; lastKnownFileType = file.storyboard; name = Base; path = Base.lproj/LaunchScreen.storyboard; sourceTree = "<group>"; };
		E4B8BB16288739E600CCA2FC /* Info.plist */ = {isa = PBXFileReference; lastKnownFileType = text.plist.xml; path = Info.plist; sourceTree = "<group>"; };
		E4FCD8C52889FBD900EA34BD /* TimelineController.swift */ = {isa = PBXFileReference; lastKnownFileType = sourcecode.swift; path = TimelineController.swift; sourceTree = "<group>"; };
/* End PBXFileReference section */

/* Begin PBXFrameworksBuildPhase section */
		E4B8BAFF288739E400CCA2FC /* Frameworks */ = {
			isa = PBXFrameworksBuildPhase;
			buildActionMask = 2147483647;
			files = (
			);
			runOnlyForDeploymentPostprocessing = 0;
		};
/* End PBXFrameworksBuildPhase section */

/* Begin PBXGroup section */
		E4B8BAF9288739E400CCA2FC = {
			isa = PBXGroup;
			children = (
				E4B8BB04288739E400CCA2FC /* FIA */,
				E4B8BB03288739E400CCA2FC /* Products */,
			);
			sourceTree = "<group>";
		};
		E4B8BB03288739E400CCA2FC /* Products */ = {
			isa = PBXGroup;
			children = (
				E4B8BB02288739E400CCA2FC /* FIA.app */,
			);
			name = Products;
			sourceTree = "<group>";
		};
		E4B8BB04288739E400CCA2FC /* FIA */ = {
			isa = PBXGroup;
			children = (
				E4B8BB05288739E400CCA2FC /* AppDelegate.swift */,
				E4B8BB07288739E400CCA2FC /* SceneDelegate.swift */,
				E4B8BB09288739E400CCA2FC /* ViewController.swift */,
				E4B8BB0B288739E400CCA2FC /* Main.storyboard */,
				4100D781288B1F23004946D2 /* 2ndViewController.swift */,
				E4FCD8C52889FBD900EA34BD /* TimelineController.swift */,
				E4B8BB11288739E600CCA2FC /* Assets.xcassets */,
				E4B8BB13288739E600CCA2FC /* LaunchScreen.storyboard */,
				E4B8BB16288739E600CCA2FC /* Info.plist */,
				E4B8BB0E288739E400CCA2FC /* FIA.xcdatamodeld */,
			);
			path = FIA;
			sourceTree = "<group>";
		};
/* End PBXGroup section */

/* Begin PBXNativeTarget section */
		E4B8BB01288739E400CCA2FC /* FIA */ = {
			isa = PBXNativeTarget;
			buildConfigurationList = E4B8BB19288739E600CCA2FC /* Build configuration list for PBXNativeTarget "FIA" */;
			buildPhases = (
				E4B8BAFE288739E400CCA2FC /* Sources */,
				E4B8BAFF288739E400CCA2FC /* Frameworks */,
				E4B8BB00288739E400CCA2FC /* Resources */,
			);
			buildRules = (
			);
			dependencies = (
			);
			name = FIA;
			productName = FIA;
			productReference = E4B8BB02288739E400CCA2FC /* FIA.app */;
			productType = "com.apple.product-type.application";
		};
/* End PBXNativeTarget section */

/* Begin PBXProject section */
		E4B8BAFA288739E400CCA2FC /* Project object */ = {
			isa = PBXProject;
			attributes = {
				BuildIndependentTargetsInParallel = 1;
				LastSwiftUpdateCheck = 1340;
				LastUpgradeCheck = 1340;
				TargetAttributes = {
					E4B8BB01288739E400CCA2FC = {
						CreatedOnToolsVersion = 13.4.1;
					};
				};
			};
			buildConfigurationList = E4B8BAFD288739E400CCA2FC /* Build configuration list for PBXProject "FIA" */;
			compatibilityVersion = "Xcode 13.0";
			developmentRegion = en;
			hasScannedForEncodings = 0;
			knownRegions = (
				en,
				Base,
			);
			mainGroup = E4B8BAF9288739E400CCA2FC;
			productRefGroup = E4B8BB03288739E400CCA2FC /* Products */;
			projectDirPath = "";
			projectRoot = "";
			targets = (
				E4B8BB01288739E400CCA2FC /* FIA */,
			);
		};
/* End PBXProject section */

/* Begin PBXResourcesBuildPhase section */
		E4B8BB00288739E400CCA2FC /* Resources */ = {
			isa = PBXResourcesBuildPhase;
			buildActionMask = 2147483647;
			files = (
				E4B8BB15288739E600CCA2FC /* LaunchScreen.storyboard in Resources */,
				E4B8BB12288739E600CCA2FC /* Assets.xcassets in Resources */,
				E4B8BB0D288739E400CCA2FC /* Main.storyboard in Resources */,
			);
			runOnlyForDeploymentPostprocessing = 0;
		};
/* End PBXResourcesBuildPhase section */

/* Begin PBXSourcesBuildPhase section */
		E4B8BAFE288739E400CCA2FC /* Sources */ = {
			isa = PBXSourcesBuildPhase;
			buildActionMask = 2147483647;
			files = (
				E4B8BB10288739E400CCA2FC /* FIA.xcdatamodeld in Sources */,
				E4B8BB0A288739E400CCA2FC /* ViewController.swift in Sources */,
				E4B8BB06288739E400CCA2FC /* AppDelegate.swift in Sources */,
				4100D782288B1F23004946D2 /* 2ndViewController.swift in Sources */,
				E4B8BB08288739E400CCA2FC /* SceneDelegate.swift in Sources */,
				E4FCD8C62889FBD900EA34BD /* TimelineController.swift in Sources */,
			);
			runOnlyForDeploymentPostprocessing = 0;
		};
/* End PBXSourcesBuildPhase section */

/* Begin PBXVariantGroup section */
		E4B8BB0B288739E400CCA2FC /* Main.storyboard */ = {
			isa = PBXVariantGroup;
			children = (
				E4B8BB0C288739E400CCA2FC /* Base */,
			);
			name = Main.storyboard;
			sourceTree = "<group>";
		};
		E4B8BB13288739E600CCA2FC /* LaunchScreen.storyboard */ = {
			isa = PBXVariantGroup;
			children = (
				E4B8BB14288739E600CCA2FC /* Base */,
			);
			name = LaunchScreen.storyboard;
			sourceTree = "<group>";
		};
/* End PBXVariantGroup section */

/* Begin XCBuildConfiguration section */
		E4B8BB17288739E600CCA2FC /* Debug */ = {
			isa = XCBuildConfiguration;
			buildSettings = {
				ALWAYS_SEARCH_USER_PATHS = NO;
				CLANG_ANALYZER_NONNULL = YES;
				CLANG_ANALYZER_NUMBER_OBJECT_CONVERSION = YES_AGGRESSIVE;
				CLANG_CXX_LANGUAGE_STANDARD = "gnu++17";
				CLANG_ENABLE_MODULES = YES;
				CLANG_ENABLE_OBJC_ARC = YES;
				CLANG_ENABLE_OBJC_WEAK = YES;
				CLANG_WARN_BLOCK_CAPTURE_AUTORELEASING = YES;
				CLANG_WARN_BOOL_CONVERSION = YES;
				CLANG_WARN_COMMA = YES;
				CLANG_WARN_CONSTANT_CONVERSION = YES;
				CLANG_WARN_DEPRECATED_OBJC_IMPLEMENTATIONS = YES;
				CLANG_WARN_DIRECT_OBJC_ISA_USAGE = YES_ERROR;
				CLANG_WARN_DOCUMENTATION_COMMENTS = YES;
				CLANG_WARN_EMPTY_BODY = YES;
				CLANG_WARN_ENUM_CONVERSION = YES;
				CLANG_WARN_INFINITE_RECURSION = YES;
				CLANG_WARN_INT_CONVERSION = YES;
				CLANG_WARN_NON_LITERAL_NULL_CONVERSION = YES;
				CLANG_WARN_OBJC_IMPLICIT_RETAIN_SELF = YES;
				CLANG_WARN_OBJC_LITERAL_CONVERSION = YES;
				CLANG_WARN_OBJC_ROOT_CLASS = YES_ERROR;
				CLANG_WARN_QUOTED_INCLUDE_IN_FRAMEWORK_HEADER = YES;
				CLANG_WARN_RANGE_LOOP_ANALYSIS = YES;
				CLANG_WARN_STRICT_PROTOTYPES = YES;
				CLANG_WARN_SUSPICIOUS_MOVE = YES;
				CLANG_WARN_UNGUARDED_AVAILABILITY = YES_AGGRESSIVE;
				CLANG_WARN_UNREACHABLE_CODE = YES;
				CLANG_WARN__DUPLICATE_METHOD_MATCH = YES;
				COPY_PHASE_STRIP = NO;
				DEBUG_INFORMATION_FORMAT = dwarf;
				ENABLE_STRICT_OBJC_MSGSEND = YES;
				ENABLE_TESTABILITY = YES;
				GCC_C_LANGUAGE_STANDARD = gnu11;
				GCC_DYNAMIC_NO_PIC = NO;
				GCC_NO_COMMON_BLOCKS = YES;
				GCC_OPTIMIZATION_LEVEL = 0;
				GCC_PREPROCESSOR_DEFINITIONS = (
					"DEBUG=1",
					"$(inherited)",
				);
				GCC_WARN_64_TO_32_BIT_CONVERSION = YES;
				GCC_WARN_ABOUT_RETURN_TYPE = YES_ERROR;
				GCC_WARN_UNDECLARED_SELECTOR = YES;
				GCC_WARN_UNINITIALIZED_AUTOS = YES_AGGRESSIVE;
				GCC_WARN_UNUSED_FUNCTION = YES;
				GCC_WARN_UNUSED_VARIABLE = YES;
				IPHONEOS_DEPLOYMENT_TARGET = 15.5;
				MTL_ENABLE_DEBUG_INFO = INCLUDE_SOURCE;
				MTL_FAST_MATH = YES;
				ONLY_ACTIVE_ARCH = YES;
				SDKROOT = iphoneos;
				SWIFT_ACTIVE_COMPILATION_CONDITIONS = DEBUG;
				SWIFT_OPTIMIZATION_LEVEL = "-Onone";
			};
			name = Debug;
		};
		E4B8BB18288739E600CCA2FC /* Release */ = {
			isa = XCBuildConfiguration;
			buildSettings = {
				ALWAYS_SEARCH_USER_PATHS = NO;
				CLANG_ANALYZER_NONNULL = YES;
				CLANG_ANALYZER_NUMBER_OBJECT_CONVERSION = YES_AGGRESSIVE;
				CLANG_CXX_LANGUAGE_STANDARD = "gnu++17";
				CLANG_ENABLE_MODULES = YES;
				CLANG_ENABLE_OBJC_ARC = YES;
				CLANG_ENABLE_OBJC_WEAK = YES;
				CLANG_WARN_BLOCK_CAPTURE_AUTORELEASING = YES;
				CLANG_WARN_BOOL_CONVERSION = YES;
				CLANG_WARN_COMMA = YES;
				CLANG_WARN_CONSTANT_CONVERSION = YES;
				CLANG_WARN_DEPRECATED_OBJC_IMPLEMENTATIONS = YES;
				CLANG_WARN_DIRECT_OBJC_ISA_USAGE = YES_ERROR;
				CLANG_WARN_DOCUMENTATION_COMMENTS = YES;
				CLANG_WARN_EMPTY_BODY = YES;
				CLANG_WARN_ENUM_CONVERSION = YES;
				CLANG_WARN_INFINITE_RECURSION = YES;
				CLANG_WARN_INT_CONVERSION = YES;
				CLANG_WARN_NON_LITERAL_NULL_CONVERSION = YES;
				CLANG_WARN_OBJC_IMPLICIT_RETAIN_SELF = YES;
				CLANG_WARN_OBJC_LITERAL_CONVERSION = YES;
				CLANG_WARN_OBJC_ROOT_CLASS = YES_ERROR;
				CLANG_WARN_QUOTED_INCLUDE_IN_FRAMEWORK_HEADER = YES;
				CLANG_WARN_RANGE_LOOP_ANALYSIS = YES;
				CLANG_WARN_STRICT_PROTOTYPES = YES;
				CLANG_WARN_SUSPICIOUS_MOVE = YES;
				CLANG_WARN_UNGUARDED_AVAILABILITY = YES_AGGRESSIVE;
				CLANG_WARN_UNREACHABLE_CODE = YES;
				CLANG_WARN__DUPLICATE_METHOD_MATCH = YES;
				COPY_PHASE_STRIP = NO;
				DEBUG_INFORMATION_FORMAT = "dwarf-with-dsym";
				ENABLE_NS_ASSERTIONS = NO;
				ENABLE_STRICT_OBJC_MSGSEND = YES;
				GCC_C_LANGUAGE_STANDARD = gnu11;
				GCC_NO_COMMON_BLOCKS = YES;
				GCC_WARN_64_TO_32_BIT_CONVERSION = YES;
				GCC_WARN_ABOUT_RETURN_TYPE = YES_ERROR;
				GCC_WARN_UNDECLARED_SELECTOR = YES;
				GCC_WARN_UNINITIALIZED_AUTOS = YES_AGGRESSIVE;
				GCC_WARN_UNUSED_FUNCTION = YES;
				GCC_WARN_UNUSED_VARIABLE = YES;
				IPHONEOS_DEPLOYMENT_TARGET = 15.5;
				MTL_ENABLE_DEBUG_INFO = NO;
				MTL_FAST_MATH = YES;
				SDKROOT = iphoneos;
				SWIFT_COMPILATION_MODE = wholemodule;
				SWIFT_OPTIMIZATION_LEVEL = "-O";
				VALIDATE_PRODUCT = YES;
			};
			name = Release;
		};
		E4B8BB1A288739E600CCA2FC /* Debug */ = {
			isa = XCBuildConfiguration;
			buildSettings = {
				ASSETCATALOG_COMPILER_APPICON_NAME = AppIcon;
				ASSETCATALOG_COMPILER_GLOBAL_ACCENT_COLOR_NAME = AccentColor;
				CODE_SIGN_STYLE = Automatic;
				CURRENT_PROJECT_VERSION = 1;
				GENERATE_INFOPLIST_FILE = YES;
				INFOPLIST_FILE = FIA/Info.plist;
				INFOPLIST_KEY_UIApplicationSupportsIndirectInputEvents = YES;
				INFOPLIST_KEY_UILaunchStoryboardName = LaunchScreen;
				INFOPLIST_KEY_UIMainStoryboardFile = Main;
				INFOPLIST_KEY_UISupportedInterfaceOrientations_iPad = "UIInterfaceOrientationPortrait UIInterfaceOrientationPortraitUpsideDown UIInterfaceOrientationLandscapeLeft UIInterfaceOrientationLandscapeRight";
				INFOPLIST_KEY_UISupportedInterfaceOrientations_iPhone = "UIInterfaceOrientationPortrait UIInterfaceOrientationLandscapeLeft UIInterfaceOrientationLandscapeRight";
				LD_RUNPATH_SEARCH_PATHS = (
					"$(inherited)",
					"@executable_path/Frameworks",
				);
				MARKETING_VERSION = 1.0;
				PRODUCT_BUNDLE_IDENTIFIER = finalProject.FIA;
				PRODUCT_NAME = "$(TARGET_NAME)";
				SWIFT_EMIT_LOC_STRINGS = YES;
				SWIFT_VERSION = 5.0;
				TARGETED_DEVICE_FAMILY = "1,2";
			};
			name = Debug;
		};
		E4B8BB1B288739E600CCA2FC /* Release */ = {
			isa = XCBuildConfiguration;
			buildSettings = {
				ASSETCATALOG_COMPILER_APPICON_NAME = AppIcon;
				ASSETCATALOG_COMPILER_GLOBAL_ACCENT_COLOR_NAME = AccentColor;
				CODE_SIGN_STYLE = Automatic;
				CURRENT_PROJECT_VERSION = 1;
				GENERATE_INFOPLIST_FILE = YES;
				INFOPLIST_FILE = FIA/Info.plist;
				INFOPLIST_KEY_UIApplicationSupportsIndirectInputEvents = YES;
				INFOPLIST_KEY_UILaunchStoryboardName = LaunchScreen;
				INFOPLIST_KEY_UIMainStoryboardFile = Main;
				INFOPLIST_KEY_UISupportedInterfaceOrientations_iPad = "UIInterfaceOrientationPortrait UIInterfaceOrientationPortraitUpsideDown UIInterfaceOrientationLandscapeLeft UIInterfaceOrientationLandscapeRight";
				INFOPLIST_KEY_UISupportedInterfaceOrientations_iPhone = "UIInterfaceOrientationPortrait UIInterfaceOrientationLandscapeLeft UIInterfaceOrientationLandscapeRight";
				LD_RUNPATH_SEARCH_PATHS = (
					"$(inherited)",
					"@executable_path/Frameworks",
				);
				MARKETING_VERSION = 1.0;
				PRODUCT_BUNDLE_IDENTIFIER = finalProject.FIA;
				PRODUCT_NAME = "$(TARGET_NAME)";
				SWIFT_EMIT_LOC_STRINGS = YES;
				SWIFT_VERSION = 5.0;
				TARGETED_DEVICE_FAMILY = "1,2";
			};
			name = Release;
		};
/* End XCBuildConfiguration section */

/* Begin XCConfigurationList section */
		E4B8BAFD288739E400CCA2FC /* Build configuration list for PBXProject "FIA" */ = {
			isa = XCConfigurationList;
			buildConfigurations = (
				E4B8BB17288739E600CCA2FC /* Debug */,
				E4B8BB18288739E600CCA2FC /* Release */,
			);
			defaultConfigurationIsVisible = 0;
			defaultConfigurationName = Release;
		};
		E4B8BB19288739E600CCA2FC /* Build configuration list for PBXNativeTarget "FIA" */ = {
			isa = XCConfigurationList;
			buildConfigurations = (
				E4B8BB1A288739E600CCA2FC /* Debug */,
				E4B8BB1B288739E600CCA2FC /* Release */,
			);
			defaultConfigurationIsVisible = 0;
			defaultConfigurationName = Release;
		};
/* End XCConfigurationList section */

/* Begin XCVersionGroup section */
		E4B8BB0E288739E400CCA2FC /* FIA.xcdatamodeld */ = {
			isa = XCVersionGroup;
			children = (
				E4B8BB0F288739E400CCA2FC /* FIA.xcdatamodel */,
			);
			currentVersion = E4B8BB0F288739E400CCA2FC /* FIA.xcdatamodel */;
			path = FIA.xcdatamodeld;
			sourceTree = "<group>";
			versionGroupType = wrapper.xcdatamodel;
		};
/* End XCVersionGroup section */
	};
	rootObject = E4B8BAFA288739E400CCA2FC /* Project object */;
}
